
Microsoft Visual Studio Solution File, Format Version 12.00
# Visual Studio Version 16
VisualStudioVersion = 16.0.32106.194
MinimumVisualStudioVersion = 10.0.40219.1
Project("{FAE04EC0-301F-11D3-BF4B-00C04F79EFBC}") = "Day1lab", "Day1lab\Day1lab.csproj", "{8C24B4DB-D0F2-4998-927A-EE4141388DF9}"
EndProject
Global
	GlobalSection(SolutionConfigurationPlatforms) = preSolution
		Debug|Any CPU = Debug|Any CPU
		Release|Any CPU = Release|Any CPU
	EndGlobalSection
	GlobalSection(ProjectConfigurationPlatforms) = postSolution
		{8C24B4DB-D0F2-4998-927A-EE4141388DF9}.Debug|Any CPU.ActiveCfg = Debug|Any CPU
		{8C24B4DB-D0F2-4998-927A-EE4141388DF9}.Debug|Any CPU.Build.0 = Debug|Any CPU
		{8C24B4DB-D0F2-4998-927A-EE4141388DF9}.Release|Any CPU.ActiveCfg = Release|Any CPU
		{8C24B4DB-D0F2-4998-927A-EE4141388DF9}.Release|Any CPU.Build.0 = Release|Any CPU
	EndGlobalSection
	GlobalSection(SolutionProperties) = preSolution
		HideSolutionNode = FALSE
	EndGlobalSection
	GlobalSection(ExtensibilityGlobals) = postSolution
		SolutionGuid = {067C29C3-34F0-4C72-BE5D-F30AFC09FB80}
	EndGlobalSection
EndGlobal
